# This is a Gradle generated file for dependency locking.
# Manual edits can break the build and are not advised.
# This file is expected to be part of source control.
com.electronwill.night-config:core:3.6.4=compileClasspath,runtimeClasspath,testCompileClasspath,testRuntimeClasspath
com.electronwill.night-config:toml:3.6.4=compileClasspath,runtimeClasspath,testCompileClasspath,testRuntimeClasspath
com.google.code.findbugs:jsr305:3.0.2=compileClasspath,runtimeClasspath,testCompileClasspath,testRuntimeClasspath
com.google.code.gson:gson:2.10.1=compileClasspath,gson,installer,runtimeClasspath,testCompileClasspath,testRuntimeClasspath
com.google.errorprone:error_prone_annotations:2.11.0=compileClasspath,runtimeClasspath,testCompileClasspath,testRuntimeClasspath
com.google.guava:failureaccess:1.0.1=compileClasspath,runtimeClasspath,testCompileClasspath,testRuntimeClasspath
com.google.guava:guava:31.1-jre=compileClasspath,runtimeClasspath,testCompileClasspath,testRuntimeClasspath
com.google.guava:listenablefuture:9999.0-empty-to-avoid-conflict-with-guava=compileClasspath,runtimeClasspath,testCompileClasspath,testRuntimeClasspath
com.google.j2objc:j2objc-annotations:1.3=compileClasspath,runtimeClasspath,testCompileClasspath,testRuntimeClasspath
com.googlecode.json-simple:json-simple:1.1.1=installer
com.ibm.icu:icu4j:61.1=runtimeClasspath,testRuntimeClasspath
com.machinezoo.noexception:noexception:1.7.1=compileClasspath,runtimeClasspath,testCompileClasspath,testRuntimeClasspath
com.mojang:logging:1.1.1=compileClasspath,runtimeClasspath,testCompileClasspath,testRuntimeClasspath
com.mysql:mysql-connector-j:8.0.33=installer
com.typesafe:config:1.3.1=installer
commons-lang:commons-lang:2.6=compileClasspath,embed,runtimeClasspath,testCompileClasspath,testRuntimeClasspath
cpw.mods:bootstraplauncher:1.1.2=testCompileClasspath,testRuntimeClasspath
cpw.mods:modlauncher:10.0.9=compileClasspath,runtimeClasspath,testCompileClasspath,testRuntimeClasspath
cpw.mods:securejarhandler:2.1.10=compileClasspath,runtimeClasspath,testCompileClasspath,testRuntimeClasspath
io.izzel.arclight:arclight-api:1.5.4=compileClasspath,embed,runtimeClasspath,testCompileClasspath,testRuntimeClasspath
io.izzel.arclight:mixin-tools:1.0.1=compileClasspath,embed,runtimeClasspath,testCompileClasspath,testRuntimeClasspath
io.izzel:tools:1.3.0=compileClasspath,embed,runtimeClasspath,testCompileClasspath,testRuntimeClasspath
javax.inject:javax.inject:1=installer
jline:jline:2.12.1=installer
net.md-5:SpecialSource:1.11.0=installer
net.minecraftforge:JarJarMetadata:0.3.19=compileClasspath,runtimeClasspath,testCompileClasspath,testRuntimeClasspath
net.minecraftforge:JarJarSelector:0.3.19=compileClasspath,runtimeClasspath,testCompileClasspath,testRuntimeClasspath
net.minecraftforge:accesstransformers:8.0.4=runtimeClasspath,testRuntimeClasspath
net.minecraftforge:coremods:5.2.4=compileClasspath,runtimeClasspath,testCompileClasspath,testRuntimeClasspath
net.minecraftforge:fmlloader:1.20.1-47.4.22=compileClasspath,runtimeClasspath,testCompileClasspath,testRuntimeClasspath
net.minecraftforge:forgespi:7.0.1=compileClasspath,runtimeClasspath,testCompileClasspath,testRuntimeClasspath
net.minecraftforge:mergetool:1.1.5=compileClasspath,runtimeClasspath,testCompileClasspath,testRuntimeClasspath
net.minecraftforge:srgutils:0.4.11=runtimeClasspath,testRuntimeClasspath
net.minecrell:terminalconsoleappender:1.2.0=runtimeClasspath,testRuntimeClasspath
net.sf.jopt-simple:jopt-simple:5.0.4=runtimeClasspath,testRuntimeClasspath
org.abego.treelayout:org.abego.treelayout.core:1.0.3=runtimeClasspath,testRuntimeClasspath
org.antlr:ST4:4.3=runtimeClasspath,testRuntimeClasspath
org.antlr:antlr-runtime:3.5.2=runtimeClasspath,testRuntimeClasspath
org.antlr:antlr4-runtime:4.9.1=runtimeClasspath,testRuntimeClasspath
org.antlr:antlr4:4.9.1=runtimeClasspath,testRuntimeClasspath
org.apache.commons:commons-lang3:3.12.0=compileClasspath,runtimeClasspath,testCompileClasspath,testRuntimeClasspath
org.apache.logging.log4j:log4j-api:2.19.0=compileClasspath,runtimeClasspath,testCompileClasspath,testRuntimeClasspath
org.apache.logging.log4j:log4j-core:2.19.0=compileClasspath,runtimeClasspath,testCompileClasspath,testRuntimeClasspath
org.apache.logging.log4j:log4j-jul:2.19.0=compileClasspath,installer,runtimeClasspath,testCompileClasspath,testRuntimeClasspath
org.apache.logging.log4j:log4j-slf4j2-impl:2.19.0=runtimeClasspath,testRuntimeClasspath
org.apache.maven:maven-artifact:3.8.5=compileClasspath,runtimeClasspath,testCompileClasspath,testRuntimeClasspath
org.apiguardian:apiguardian-api:1.1.2=testCompileClasspath
org.checkerframework:checker-qual:3.12.0=compileClasspath,runtimeClasspath,testCompileClasspath,testRuntimeClasspath
org.codehaus.plexus:plexus-utils:3.3.0=compileClasspath,runtimeClasspath,testCompileClasspath,testRuntimeClasspath
org.fusesource.jansi:jansi:1.18=installer
org.glassfish:javax.json:1.0.4=runtimeClasspath,testRuntimeClasspath
org.jetbrains:annotations:23.0.0=compileClasspath,runtimeClasspath,testCompileClasspath,testRuntimeClasspath
org.jline:jline-reader:3.12.1=runtimeClasspath,testRuntimeClasspath
org.jline:jline-terminal-jansi:3.12.1=installer
org.jline:jline-terminal:3.12.1=runtimeClasspath,testRuntimeClasspath
org.junit.jupiter:junit-jupiter-api:5.14.4=testCompileClasspath,testRuntimeClasspath
org.junit.jupiter:junit-jupiter-engine:5.14.4=testRuntimeClasspath
org.junit.jupiter:junit-jupiter-params:5.14.4=testCompileClasspath,testRuntimeClasspath
org.junit.jupiter:junit-jupiter:5.14.4=testCompileClasspath,testRuntimeClasspath
org.junit.platform:junit-platform-commons:1.14.4=testCompileClasspath,testRuntimeClasspath
org.junit.platform:junit-platform-engine:1.14.4=testRuntimeClasspath
org.junit.platform:junit-platform-launcher:1.14.4=testRuntimeClasspath
org.junit:junit-bom:5.14.4=testCompileClasspath,testRuntimeClasspath
org.openjdk.nashorn:nashorn-core:15.4=runtimeClasspath,testRuntimeClasspath
org.opentest4j:opentest4j:1.3.0=testCompileClasspath,testRuntimeClasspath
org.ow2.asm:asm-analysis:9.3=runtimeClasspath,testRuntimeClasspath
org.ow2.asm:asm-commons:9.9.1=compileClasspath,runtimeClasspath,testCompileClasspath,testRuntimeClasspath
org.ow2.asm:asm-tree:9.9.1=compileClasspath,runtimeClasspath,testCompileClasspath,testRuntimeClasspath
org.ow2.asm:asm-util:9.3=runtimeClasspath,testRuntimeClasspath
org.ow2.asm:asm:9.9.1=compileClasspath,runtimeClasspath,testCompileClasspath,testRuntimeClasspath
org.slf4j:slf4j-api:1.8.0-beta4=compileClasspath,testCompileClasspath
org.slf4j:slf4j-api:2.0.0=runtimeClasspath,testRuntimeClasspath
org.slf4j:slf4j-simple:1.7.30=runtimeClasspath,testRuntimeClasspath
org.spongepowered:configurate-core:3.6.1=installer
org.spongepowered:configurate-hocon:3.6.1=installer
org.spongepowered:configurate-yaml:3.6.1=installer
org.spongepowered:mixin:0.8.5=compileClasspath,runtimeClasspath,testCompileClasspath,testRuntimeClasspath
org.xerial:sqlite-jdbc:3.53.2.1=installer
org.yaml:snakeyaml:2.0=installer
empty=annotationProcessor,applaunchAnnotationProcessor,applaunchCompileClasspath,applaunchRuntimeClasspath,commonReobfuscated,testAnnotationProcessor
